
Microsoft Visual Studio Solution File, Format Version 12.00
# Visual Studio Version 17
VisualStudioVersion = 17.14.36414.22
MinimumVisualStudioVersion = 10.0.40219.1
Project("{2150E333-8FDC-42A3-9474-1A3956D46DE8}") = "Microservices", "Microservices", "{02EA681E-C7D8-13C7-8484-4AC65E1B71E8}"
EndProject
Project("{2150E333-8FDC-42A3-9474-1A3956D46DE8}") = "eShop Monolith", "eShop Monolith", "{BF6F6C94-4D19-40E9-A242-103DC309F652}"
EndProject
Project("{2150E333-8FDC-42A3-9474-1A3956D46DE8}") = "Gateway", "Gateway", "{44B68617-06D9-4134-8D6C-26B4DBD24DFC}"
EndProject
Project("{FAE04EC0-301F-11D3-BF4B-00C04F79EFBC}") = "ApplicationCore", "eShopOnWeb-main\src\ApplicationCore\ApplicationCore.csproj", "{9F3E2D7C-5F5E-9AE4-E720-ED9CCB7A2817}"
EndProject
Project("{FAE04EC0-301F-11D3-BF4B-00C04F79EFBC}") = "BlazorAdmin", "eShopOnWeb-main\src\BlazorAdmin\BlazorAdmin.csproj", "{E68C1CB6-E7BB-0864-4333-FF99241322F3}"
EndProject
Project("{FAE04EC0-301F-11D3-BF4B-00C04F79EFBC}") = "BlazorShared", "eShopOnWeb-main\src\BlazorShared\BlazorShared.csproj", "{FF3FAEFA-2FDD-BF2B-F249-101A5C2EE6EC}"
EndProject
Project("{FAE04EC0-301F-11D3-BF4B-00C04F79EFBC}") = "Infrastructure", "eShopOnWeb-main\src\Infrastructure\Infrastructure.csproj", "{A5356FC1-EBBB-A9BD-ADD3-1D5C976241FC}"
EndProject
Project("{FAE04EC0-301F-11D3-BF4B-00C04F79EFBC}") = "PublicApi", "eShopOnWeb-main\src\PublicApi\PublicApi.csproj", "{C1F94C09-7872-A0BA-8A5D-E88566829BA6}"
EndProject
Project("{FAE04EC0-301F-11D3-BF4B-00C04F79EFBC}") = "Web", "eShopOnWeb-main\src\Web\Web.csproj", "{BBAE100F-97F8-DD07-F87C-D0B3892F5AC2}"
EndProject
Project("{FAE04EC0-301F-11D3-BF4B-00C04F79EFBC}") = "API.Gateway", "Gateway\API.Gateway\API.Gateway.csproj", "{7D684596-1F59-6523-1717-4CC439E3AC72}"
EndProject
Project("{2150E333-8FDC-42A3-9474-1A3956D46DE8}") = "Basket", "Basket", "{C25A28DE-818E-4E72-A06B-63E49072380D}"
EndProject
Project("{FAE04EC0-301F-11D3-BF4B-00C04F79EFBC}") = "eShop.Basket.API", "Microservices\Basket\eShop.Basket.API\eShop.Basket.API.csproj", "{B4FDA00C-6743-63BC-D5E1-281AC08F113C}"
EndProject
Project("{FAE04EC0-301F-11D3-BF4B-00C04F79EFBC}") = "eShop.Basket.Application", "Microservices\Basket\eShop.Basket.Application\eShop.Basket.Application.csproj", "{44FCCAB0-AF30-850D-0C36-BB962A6F1773}"
EndProject
Project("{FAE04EC0-301F-11D3-BF4B-00C04F79EFBC}") = "eShop.Basket.Domain", "Microservices\Basket\eShop.Basket.Domain\eShop.Basket.Domain.csproj", "{87F01537-A1DC-2F0C-5BF8-687A926AE8A6}"
EndProject
Project("{FAE04EC0-301F-11D3-BF4B-00C04F79EFBC}") = "eShop.Basket.Infrastructure", "Microservices\Basket\eShop.Basket.Infrastructure\eShop.Basket.Infrastructure.csproj", "{53C65DF4-2113-89D3-5EAB-5E29109A004C}"
EndProject
Project("{2150E333-8FDC-42A3-9474-1A3956D46DE8}") = "Catalog", "Catalog", "{8BB5575D-EDB4-4218-89C7-AA7577BE0E86}"
EndProject
Project("{FAE04EC0-301F-11D3-BF4B-00C04F79EFBC}") = "Catalog.API", "Microservices\Catalog\Catalog.API\Catalog.API.csproj", "{53AE87D4-A366-E216-D177-0B131BFED361}"
EndProject
Project("{2150E333-8FDC-42A3-9474-1A3956D46DE8}") = "Identity", "Identity", "{3B18DB6D-21C3-4174-9F5F-5065D7F80801}"
EndProject
Project("{2150E333-8FDC-42A3-9474-1A3956D46DE8}") = "Order", "Order", "{56E84CB9-1E73-41DA-ACF6-C808C7AC293F}"
EndProject
Project("{FAE04EC0-301F-11D3-BF4B-00C04F79EFBC}") = "eShop.Order.API", "Microservices\Order\eShop.Order.API\eShop.Order.API.csproj", "{86ED747D-FCDB-564B-3CC0-603EB5A9EF4A}"
EndProject
Project("{FAE04EC0-301F-11D3-BF4B-00C04F79EFBC}") = "eShop.Order.Application", "Microservices\Order\eShop.Order.Application\eShop.Order.Application.csproj", "{29D1932B-B5A6-C1FF-0FA9-71E98A09A327}"
EndProject
Project("{FAE04EC0-301F-11D3-BF4B-00C04F79EFBC}") = "eShop.Order.Domain", "Microservices\Order\eShop.Order.Domain\eShop.Order.Domain.csproj", "{9926ED12-A435-FAC2-6254-819E1F79A985}"
EndProject
Project("{FAE04EC0-301F-11D3-BF4B-00C04F79EFBC}") = "eShop.Order.Infrastructure", "Microservices\Order\eShop.Order.Infrastructure\eShop.Order.Infrastructure.csproj", "{CBC7AF00-6058-3263-7CC4-B020D7361768}"
EndProject
Project("{2150E333-8FDC-42A3-9474-1A3956D46DE8}") = "RabbitMQEventBus", "RabbitMQEventBus", "{10AAD796-435D-41F6-8B7B-D7C7270E5C33}"
EndProject
Project("{FAE04EC0-301F-11D3-BF4B-00C04F79EFBC}") = "RabbitMQEventBus", "RabbitMQEventBus\RabbitMQEventBus\RabbitMQEventBus.csproj", "{AAFCC1D3-DFE3-232A-7EB9-4A2D55C76A2F}"
EndProject
Project("{FAE04EC0-301F-11D3-BF4B-00C04F79EFBC}") = "Identity.API", "Microservices\Identity\Identity.API\Identity.API.csproj", "{ABAE3E29-800F-134A-CF89-8363C4B62A64}"
EndProject
Project("{2150E333-8FDC-42A3-9474-1A3956D46DE8}") = "Solution Items", "Solution Items", "{9D5BAB37-400D-47C4-8A0D-A139AC92A432}"
	ProjectSection(SolutionItems) = preProject
		compose.yaml = compose.yaml
	EndProjectSection
EndProject
Project("{FAE04EC0-301F-11D3-BF4B-00C04F79EFBC}") = "Catalog.API.UnitTests", "Catalog.API.UnitTests\Catalog.API.UnitTests.csproj", "{3C661809-80F6-42DC-9DC6-35742A36DE0D}"
EndProject
Global
	GlobalSection(SolutionConfigurationPlatforms) = preSolution
		Debug|Any CPU = Debug|Any CPU
		Release|Any CPU = Release|Any CPU
	EndGlobalSection
	GlobalSection(ProjectConfigurationPlatforms) = postSolution
		{9F3E2D7C-5F5E-9AE4-E720-ED9CCB7A2817}.Debug|Any CPU.ActiveCfg = Debug|Any CPU
		{9F3E2D7C-5F5E-9AE4-E720-ED9CCB7A2817}.Debug|Any CPU.Build.0 = Debug|Any CPU
		{9F3E2D7C-5F5E-9AE4-E720-ED9CCB7A2817}.Release|Any CPU.ActiveCfg = Release|Any CPU
		{9F3E2D7C-5F5E-9AE4-E720-ED9CCB7A2817}.Release|Any CPU.Build.0 = Release|Any CPU
		{E68C1CB6-E7BB-0864-4333-FF99241322F3}.Debug|Any CPU.ActiveCfg = Debug|Any CPU
		{E68C1CB6-E7BB-0864-4333-FF99241322F3}.Debug|Any CPU.Build.0 = Debug|Any CPU
		{E68C1CB6-E7BB-0864-4333-FF99241322F3}.Release|Any CPU.ActiveCfg = Release|Any CPU
		{E68C1CB6-E7BB-0864-4333-FF99241322F3}.Release|Any CPU.Build.0 = Release|Any CPU
		{FF3FAEFA-2FDD-BF2B-F249-101A5C2EE6EC}.Debug|Any CPU.ActiveCfg = Debug|Any CPU
		{FF3FAEFA-2FDD-BF2B-F249-101A5C2EE6EC}.Debug|Any CPU.Build.0 = Debug|Any CPU
		{FF3FAEFA-2FDD-BF2B-F249-101A5C2EE6EC}.Release|Any CPU.ActiveCfg = Release|Any CPU
		{FF3FAEFA-2FDD-BF2B-F249-101A5C2EE6EC}.Release|Any CPU.Build.0 = Release|Any CPU
		{A5356FC1-EBBB-A9BD-ADD3-1D5C976241FC}.Debug|Any CPU.ActiveCfg = Debug|Any CPU
		{A5356FC1-EBBB-A9BD-ADD3-1D5C976241FC}.Debug|Any CPU.Build.0 = Debug|Any CPU
		{A5356FC1-EBBB-A9BD-ADD3-1D5C976241FC}.Release|Any CPU.ActiveCfg = Release|Any CPU
		{A5356FC1-EBBB-A9BD-ADD3-1D5C976241FC}.Release|Any CPU.Build.0 = Release|Any CPU
		{C1F94C09-7872-A0BA-8A5D-E88566829BA6}.Debug|Any CPU.ActiveCfg = Debug|Any CPU
		{C1F94C09-7872-A0BA-8A5D-E88566829BA6}.Debug|Any CPU.Build.0 = Debug|Any CPU
		{C1F94C09-7872-A0BA-8A5D-E88566829BA6}.Release|Any CPU.ActiveCfg = Release|Any CPU
		{C1F94C09-7872-A0BA-8A5D-E88566829BA6}.Release|Any CPU.Build.0 = Release|Any CPU
		{BBAE100F-97F8-DD07-F87C-D0B3892F5AC2}.Debug|Any CPU.ActiveCfg = Debug|Any CPU
		{BBAE100F-97F8-DD07-F87C-D0B3892F5AC2}.Debug|Any CPU.Build.0 = Debug|Any CPU
		{BBAE100F-97F8-DD07-F87C-D0B3892F5AC2}.Release|Any CPU.ActiveCfg = Release|Any CPU
		{BBAE100F-97F8-DD07-F87C-D0B3892F5AC2}.Release|Any CPU.Build.0 = Release|Any CPU
		{7D684596-1F59-6523-1717-4CC439E3AC72}.Debug|Any CPU.ActiveCfg = Debug|Any CPU
		{7D684596-1F59-6523-1717-4CC439E3AC72}.Debug|Any CPU.Build.0 = Debug|Any CPU
		{7D684596-1F59-6523-1717-4CC439E3AC72}.Release|Any CPU.ActiveCfg = Release|Any CPU
		{7D684596-1F59-6523-1717-4CC439E3AC72}.Release|Any CPU.Build.0 = Release|Any CPU
		{B4FDA00C-6743-63BC-D5E1-281AC08F113C}.Debug|Any CPU.ActiveCfg = Debug|Any CPU
		{B4FDA00C-6743-63BC-D5E1-281AC08F113C}.Debug|Any CPU.Build.0 = Debug|Any CPU
		{B4FDA00C-6743-63BC-D5E1-281AC08F113C}.Release|Any CPU.ActiveCfg = Release|Any CPU
		{B4FDA00C-6743-63BC-D5E1-281AC08F113C}.Release|Any CPU.Build.0 = Release|Any CPU
		{44FCCAB0-AF30-850D-0C36-BB962A6F1773}.Debug|Any CPU.ActiveCfg = Debug|Any CPU
		{44FCCAB0-AF30-850D-0C36-BB962A6F1773}.Debug|Any CPU.Build.0 = Debug|Any CPU
		{44FCCAB0-AF30-850D-0C36-BB962A6F1773}.Release|Any CPU.ActiveCfg = Release|Any CPU
		{44FCCAB0-AF30-850D-0C36-BB962A6F1773}.Release|Any CPU.Build.0 = Release|Any CPU
		{87F01537-A1DC-2F0C-5BF8-687A926AE8A6}.Debug|Any CPU.ActiveCfg = Debug|Any CPU
		{87F01537-A1DC-2F0C-5BF8-687A926AE8A6}.Debug|Any CPU.Build.0 = Debug|Any CPU
		{87F01537-A1DC-2F0C-5BF8-687A926AE8A6}.Release|Any CPU.ActiveCfg = Release|Any CPU
		{87F01537-A1DC-2F0C-5BF8-687A926AE8A6}.Release|Any CPU.Build.0 = Release|Any CPU
		{53C65DF4-2113-89D3-5EAB-5E29109A004C}.Debug|Any CPU.ActiveCfg = Debug|Any CPU
		{53C65DF4-2113-89D3-5EAB-5E29109A004C}.Debug|Any CPU.Build.0 = Debug|Any CPU
		{53C65DF4-2113-89D3-5EAB-5E29109A004C}.Release|Any CPU.ActiveCfg = Release|Any CPU
		{53C65DF4-2113-89D3-5EAB-5E29109A004C}.Release|Any CPU.Build.0 = Release|Any CPU
		{53AE87D4-A366-E216-D177-0B131BFED361}.Debug|Any CPU.ActiveCfg = Debug|Any CPU
		{53AE87D4-A366-E216-D177-0B131BFED361}.Debug|Any CPU.Build.0 = Debug|Any CPU
		{53AE87D4-A366-E216-D177-0B131BFED361}.Release|Any CPU.ActiveCfg = Release|Any CPU
		{53AE87D4-A366-E216-D177-0B131BFED361}.Release|Any CPU.Build.0 = Release|Any CPU
		{86ED747D-FCDB-564B-3CC0-603EB5A9EF4A}.Debug|Any CPU.ActiveCfg = Debug|Any CPU
		{86ED747D-FCDB-564B-3CC0-603EB5A9EF4A}.Debug|Any CPU.Build.0 = Debug|Any CPU
		{86ED747D-FCDB-564B-3CC0-603EB5A9EF4A}.Release|Any CPU.ActiveCfg = Release|Any CPU
		{86ED747D-FCDB-564B-3CC0-603EB5A9EF4A}.Release|Any CPU.Build.0 = Release|Any CPU
		{29D1932B-B5A6-C1FF-0FA9-71E98A09A327}.Debug|Any CPU.ActiveCfg = Debug|Any CPU
		{29D1932B-B5A6-C1FF-0FA9-71E98A09A327}.Debug|Any CPU.Build.0 = Debug|Any CPU
		{29D1932B-B5A6-C1FF-0FA9-71E98A09A327}.Release|Any CPU.ActiveCfg = Release|Any CPU
		{29D1932B-B5A6-C1FF-0FA9-71E98A09A327}.Release|Any CPU.Build.0 = Release|Any CPU
		{9926ED12-A435-FAC2-6254-819E1F79A985}.Debug|Any CPU.ActiveCfg = Debug|Any CPU
		{9926ED12-A435-FAC2-6254-819E1F79A985}.Debug|Any CPU.Build.0 = Debug|Any CPU
		{9926ED12-A435-FAC2-6254-819E1F79A985}.Release|Any CPU.ActiveCfg = Release|Any CPU
		{9926ED12-A435-FAC2-6254-819E1F79A985}.Release|Any CPU.Build.0 = Release|Any CPU
		{CBC7AF00-6058-3263-7CC4-B020D7361768}.Debug|Any CPU.ActiveCfg = Debug|Any CPU
		{CBC7AF00-6058-3263-7CC4-B020D7361768}.Debug|Any CPU.Build.0 = Debug|Any CPU
		{CBC7AF00-6058-3263-7CC4-B020D7361768}.Release|Any CPU.ActiveCfg = Release|Any CPU
		{CBC7AF00-6058-3263-7CC4-B020D7361768}.Release|Any CPU.Build.0 = Release|Any CPU
		{AAFCC1D3-DFE3-232A-7EB9-4A2D55C76A2F}.Debug|Any CPU.ActiveCfg = Debug|Any CPU
		{AAFCC1D3-DFE3-232A-7EB9-4A2D55C76A2F}.Debug|Any CPU.Build.0 = Debug|Any CPU
		{AAFCC1D3-DFE3-232A-7EB9-4A2D55C76A2F}.Release|Any CPU.ActiveCfg = Release|Any CPU
		{AAFCC1D3-DFE3-232A-7EB9-4A2D55C76A2F}.Release|Any CPU.Build.0 = Release|Any CPU
		{ABAE3E29-800F-134A-CF89-8363C4B62A64}.Debug|Any CPU.ActiveCfg = Debug|Any CPU
		{ABAE3E29-800F-134A-CF89-8363C4B62A64}.Debug|Any CPU.Build.0 = Debug|Any CPU
		{ABAE3E29-800F-134A-CF89-8363C4B62A64}.Release|Any CPU.ActiveCfg = Release|Any CPU
		{ABAE3E29-800F-134A-CF89-8363C4B62A64}.Release|Any CPU.Build.0 = Release|Any CPU
		{3C661809-80F6-42DC-9DC6-35742A36DE0D}.Debug|Any CPU.ActiveCfg = Debug|Any CPU
		{3C661809-80F6-42DC-9DC6-35742A36DE0D}.Debug|Any CPU.Build.0 = Debug|Any CPU
		{3C661809-80F6-42DC-9DC6-35742A36DE0D}.Release|Any CPU.ActiveCfg = Release|Any CPU
		{3C661809-80F6-42DC-9DC6-35742A36DE0D}.Release|Any CPU.Build.0 = Release|Any CPU
	EndGlobalSection
	GlobalSection(SolutionProperties) = preSolution
		HideSolutionNode = FALSE
	EndGlobalSection
	GlobalSection(NestedProjects) = preSolution
		{9F3E2D7C-5F5E-9AE4-E720-ED9CCB7A2817} = {BF6F6C94-4D19-40E9-A242-103DC309F652}
		{E68C1CB6-E7BB-0864-4333-FF99241322F3} = {BF6F6C94-4D19-40E9-A242-103DC309F652}
		{FF3FAEFA-2FDD-BF2B-F249-101A5C2EE6EC} = {BF6F6C94-4D19-40E9-A242-103DC309F652}
		{A5356FC1-EBBB-A9BD-ADD3-1D5C976241FC} = {BF6F6C94-4D19-40E9-A242-103DC309F652}
		{C1F94C09-7872-A0BA-8A5D-E88566829BA6} = {BF6F6C94-4D19-40E9-A242-103DC309F652}
		{BBAE100F-97F8-DD07-F87C-D0B3892F5AC2} = {BF6F6C94-4D19-40E9-A242-103DC309F652}
		{7D684596-1F59-6523-1717-4CC439E3AC72} = {44B68617-06D9-4134-8D6C-26B4DBD24DFC}
		{C25A28DE-818E-4E72-A06B-63E49072380D} = {02EA681E-C7D8-13C7-8484-4AC65E1B71E8}
		{B4FDA00C-6743-63BC-D5E1-281AC08F113C} = {C25A28DE-818E-4E72-A06B-63E49072380D}
		{44FCCAB0-AF30-850D-0C36-BB962A6F1773} = {C25A28DE-818E-4E72-A06B-63E49072380D}
		{87F01537-A1DC-2F0C-5BF8-687A926AE8A6} = {C25A28DE-818E-4E72-A06B-63E49072380D}
		{53C65DF4-2113-89D3-5EAB-5E29109A004C} = {C25A28DE-818E-4E72-A06B-63E49072380D}
		{8BB5575D-EDB4-4218-89C7-AA7577BE0E86} = {02EA681E-C7D8-13C7-8484-4AC65E1B71E8}
		{53AE87D4-A366-E216-D177-0B131BFED361} = {8BB5575D-EDB4-4218-89C7-AA7577BE0E86}
		{3B18DB6D-21C3-4174-9F5F-5065D7F80801} = {02EA681E-C7D8-13C7-8484-4AC65E1B71E8}
		{56E84CB9-1E73-41DA-ACF6-C808C7AC293F} = {02EA681E-C7D8-13C7-8484-4AC65E1B71E8}
		{86ED747D-FCDB-564B-3CC0-603EB5A9EF4A} = {56E84CB9-1E73-41DA-ACF6-C808C7AC293F}
		{29D1932B-B5A6-C1FF-0FA9-71E98A09A327} = {56E84CB9-1E73-41DA-ACF6-C808C7AC293F}
		{9926ED12-A435-FAC2-6254-819E1F79A985} = {56E84CB9-1E73-41DA-ACF6-C808C7AC293F}
		{CBC7AF00-6058-3263-7CC4-B020D7361768} = {56E84CB9-1E73-41DA-ACF6-C808C7AC293F}
		{AAFCC1D3-DFE3-232A-7EB9-4A2D55C76A2F} = {10AAD796-435D-41F6-8B7B-D7C7270E5C33}
		{ABAE3E29-800F-134A-CF89-8363C4B62A64} = {3B18DB6D-21C3-4174-9F5F-5065D7F80801}
		{3C661809-80F6-42DC-9DC6-35742A36DE0D} = {8BB5575D-EDB4-4218-89C7-AA7577BE0E86}
	EndGlobalSection
	GlobalSection(ExtensibilityGlobals) = postSolution
		SolutionGuid = {B2BD7A86-63DF-4772-81FC-F4793E8E8A23}
	EndGlobalSection
EndGlobal
