
Microsoft Visual Studio Solution File, Format Version 12.00
# Visual Studio Version 17
VisualStudioVersion = 17.14.36414.22
MinimumVisualStudioVersion = 10.0.40219.1
Project("{2150E333-8FDC-42A3-9474-1A3956D46DE8}") = "Gateway", "Gateway", "{02EA681E-C7D8-13C7-8484-4AC65E1B71E8}"
EndProject
Project("{2150E333-8FDC-42A3-9474-1A3956D46DE8}") = "BuildingBlocks", "BuildingBlocks", "{DE287D9E-2F8A-4C6E-99D5-0DDE6E9EE2D3}"
EndProject
Project("{2150E333-8FDC-42A3-9474-1A3956D46DE8}") = "Catalog", "Catalog", "{97ADE207-FF13-4939-BE7B-0EC0019DFF9F}"
EndProject
Project("{2150E333-8FDC-42A3-9474-1A3956D46DE8}") = "Basket", "Basket", "{9E20593D-26D1-4B92-83CF-A5B20D072EA5}"
EndProject
Project("{2150E333-8FDC-42A3-9474-1A3956D46DE8}") = "Order", "Order", "{9B20BC3B-FEFA-4D6B-82E4-840437D9D0B2}"
EndProject
Project("{2150E333-8FDC-42A3-9474-1A3956D46DE8}") = "Identity", "Identity", "{9873115B-BBF9-40B6-AFFC-9926A1B822AB}"
EndProject
Project("{FAE04EC0-301F-11D3-BF4B-00C04F79EFBC}") = "Gateway.Api", "Gateway.Api\Gateway.Api.csproj", "{D895762D-0C90-4B22-8715-FD66DC92A598}"
EndProject
Project("{FAE04EC0-301F-11D3-BF4B-00C04F79EFBC}") = "eShop.BuildingBlocks.EventBus", "eShop.BuildingBlocks.EventBus\eShop.BuildingBlocks.EventBus.csproj", "{EEA0541E-7A3C-4ED1-9039-8298797193DA}"
EndProject
Project("{FAE04EC0-301F-11D3-BF4B-00C04F79EFBC}") = "eShop.Catalog.API", "eShop.Catalog.API\eShop.Catalog.API.csproj", "{5CB51913-C571-4907-A527-96375E95A2E3}"
EndProject
Project("{FAE04EC0-301F-11D3-BF4B-00C04F79EFBC}") = "eShop.Catalog.Domain", "eShop.Catalog.Domain\eShop.Catalog.Domain.csproj", "{5666EC9B-88FF-40B7-89F7-DF2E1D61345E}"
EndProject
Project("{FAE04EC0-301F-11D3-BF4B-00C04F79EFBC}") = "eShop.Catalog.Infrastructure", "eShop.Catalog.Infrastructure\eShop.Catalog.Infrastructure.csproj", "{F8E6F497-29A4-4722-BA04-9372C059763C}"
EndProject
Project("{FAE04EC0-301F-11D3-BF4B-00C04F79EFBC}") = "eShop.Basket.API", "eShop.Basket.API\eShop.Basket.API.csproj", "{209AA2EC-3337-4109-B9D0-E78CBE7C4196}"
EndProject
Project("{FAE04EC0-301F-11D3-BF4B-00C04F79EFBC}") = "eShop.Basket.Application", "eShop.Basket.Application\eShop.Basket.Application.csproj", "{240530C5-4834-4C66-B4C4-3230612BB04A}"
EndProject
Project("{FAE04EC0-301F-11D3-BF4B-00C04F79EFBC}") = "eShop.Basket.Domain", "eShop.Basket.Domain\eShop.Basket.Domain.csproj", "{11492C90-6C55-4F9A-995B-D90405F70568}"
EndProject
Project("{FAE04EC0-301F-11D3-BF4B-00C04F79EFBC}") = "eShop.Basket.Infrastructure", "eShop.Basket.Infrastructure\eShop.Basket.Infrastructure.csproj", "{1CD4772C-6E36-42CF-BF1D-6062D9BD206B}"
EndProject
Project("{FAE04EC0-301F-11D3-BF4B-00C04F79EFBC}") = "eShop.Order.API", "eShop.Order.API\eShop.Order.API.csproj", "{B47731FB-1C53-47A0-A322-DD38EDEC3270}"
EndProject
Project("{FAE04EC0-301F-11D3-BF4B-00C04F79EFBC}") = "eShop.Order.Application", "eShop.Order.Application\eShop.Order.Application.csproj", "{431B6ABF-C893-4D32-A708-8DEF194A65F5}"
EndProject
Project("{FAE04EC0-301F-11D3-BF4B-00C04F79EFBC}") = "eShop.Order.Domain", "eShop.Order.Domain\eShop.Order.Domain.csproj", "{19A4AD81-6B32-41B4-93F0-9E2D0B9B1D30}"
EndProject
Project("{FAE04EC0-301F-11D3-BF4B-00C04F79EFBC}") = "eShop.Order.Infrastructure", "eShop.Order.Infrastructure\eShop.Order.Infrastructure.csproj", "{4F1FA7CC-DF32-45D2-AA79-8235A65CC6B5}"
EndProject
Project("{FAE04EC0-301F-11D3-BF4B-00C04F79EFBC}") = "eShop.Identity.API", "eShop.Identity.API\eShop.Identity.API.csproj", "{FAA372A5-6034-42D5-84AB-879B810FB6A8}"
EndProject
Project("{FAE04EC0-301F-11D3-BF4B-00C04F79EFBC}") = "eShop.Identity.Application", "eShop.Identity.Application\eShop.Identity.Application.csproj", "{905EE9D7-5BD0-4432-B9F4-A5B189693B43}"
EndProject
Project("{FAE04EC0-301F-11D3-BF4B-00C04F79EFBC}") = "eShop.Identity.Domain", "eShop.Identity.Domain\eShop.Identity.Domain.csproj", "{C19CFB3D-C00B-432F-B2A7-F9CAB00FAD36}"
EndProject
Project("{FAE04EC0-301F-11D3-BF4B-00C04F79EFBC}") = "eShop.Identity.Infrastructure", "eShop.Identity.Infrastructure\eShop.Identity.Infrastructure.csproj", "{3C88720D-BE71-4557-B967-B189450AD697}"
EndProject
Project("{2150E333-8FDC-42A3-9474-1A3956D46DE8}") = "Monolit", "Monolit", "{38323BF3-D6FE-4E0B-9DAC-B24531929103}"
EndProject
Project("{FAE04EC0-301F-11D3-BF4B-00C04F79EFBC}") = "ApplicationCore", "Monolit\eShopOnWeb-main\src\ApplicationCore\ApplicationCore.csproj", "{5C5E9452-4462-27B1-B479-7D1C28283CFF}"
EndProject
Project("{FAE04EC0-301F-11D3-BF4B-00C04F79EFBC}") = "BlazorAdmin", "Monolit\eShopOnWeb-main\src\BlazorAdmin\BlazorAdmin.csproj", "{81C684A6-776E-D7AA-DCCD-1FA7178D8E87}"
EndProject
Project("{FAE04EC0-301F-11D3-BF4B-00C04F79EFBC}") = "BlazorShared", "Monolit\eShopOnWeb-main\src\BlazorShared\BlazorShared.csproj", "{1201CF67-4778-F2EF-6710-EC9B983C36CA}"
EndProject
Project("{FAE04EC0-301F-11D3-BF4B-00C04F79EFBC}") = "Infrastructure", "Monolit\eShopOnWeb-main\src\Infrastructure\Infrastructure.csproj", "{2097730D-3448-6F27-DFE4-B3E1926197FB}"
EndProject
Project("{FAE04EC0-301F-11D3-BF4B-00C04F79EFBC}") = "PublicApi", "Monolit\eShopOnWeb-main\src\PublicApi\PublicApi.csproj", "{E23439DC-3A2F-149D-B003-78F08BD31509}"
EndProject
Project("{FAE04EC0-301F-11D3-BF4B-00C04F79EFBC}") = "Web", "Monolit\eShopOnWeb-main\src\Web\Web.csproj", "{67C74714-AC7F-F89C-FA30-05055E942541}"
EndProject
Global
	GlobalSection(SolutionConfigurationPlatforms) = preSolution
		Debug|Any CPU = Debug|Any CPU
		Release|Any CPU = Release|Any CPU
	EndGlobalSection
	GlobalSection(ProjectConfigurationPlatforms) = postSolution
		{D895762D-0C90-4B22-8715-FD66DC92A598}.Debug|Any CPU.ActiveCfg = Debug|Any CPU
		{D895762D-0C90-4B22-8715-FD66DC92A598}.Debug|Any CPU.Build.0 = Debug|Any CPU
		{D895762D-0C90-4B22-8715-FD66DC92A598}.Release|Any CPU.ActiveCfg = Release|Any CPU
		{D895762D-0C90-4B22-8715-FD66DC92A598}.Release|Any CPU.Build.0 = Release|Any CPU
		{EEA0541E-7A3C-4ED1-9039-8298797193DA}.Debug|Any CPU.ActiveCfg = Debug|Any CPU
		{EEA0541E-7A3C-4ED1-9039-8298797193DA}.Debug|Any CPU.Build.0 = Debug|Any CPU
		{EEA0541E-7A3C-4ED1-9039-8298797193DA}.Release|Any CPU.ActiveCfg = Release|Any CPU
		{EEA0541E-7A3C-4ED1-9039-8298797193DA}.Release|Any CPU.Build.0 = Release|Any CPU
		{5CB51913-C571-4907-A527-96375E95A2E3}.Debug|Any CPU.ActiveCfg = Debug|Any CPU
		{5CB51913-C571-4907-A527-96375E95A2E3}.Debug|Any CPU.Build.0 = Debug|Any CPU
		{5CB51913-C571-4907-A527-96375E95A2E3}.Release|Any CPU.ActiveCfg = Release|Any CPU
		{5CB51913-C571-4907-A527-96375E95A2E3}.Release|Any CPU.Build.0 = Release|Any CPU
		{5666EC9B-88FF-40B7-89F7-DF2E1D61345E}.Debug|Any CPU.ActiveCfg = Debug|Any CPU
		{5666EC9B-88FF-40B7-89F7-DF2E1D61345E}.Debug|Any CPU.Build.0 = Debug|Any CPU
		{5666EC9B-88FF-40B7-89F7-DF2E1D61345E}.Release|Any CPU.ActiveCfg = Release|Any CPU
		{5666EC9B-88FF-40B7-89F7-DF2E1D61345E}.Release|Any CPU.Build.0 = Release|Any CPU
		{F8E6F497-29A4-4722-BA04-9372C059763C}.Debug|Any CPU.ActiveCfg = Debug|Any CPU
		{F8E6F497-29A4-4722-BA04-9372C059763C}.Debug|Any CPU.Build.0 = Debug|Any CPU
		{F8E6F497-29A4-4722-BA04-9372C059763C}.Release|Any CPU.ActiveCfg = Release|Any CPU
		{F8E6F497-29A4-4722-BA04-9372C059763C}.Release|Any CPU.Build.0 = Release|Any CPU
		{209AA2EC-3337-4109-B9D0-E78CBE7C4196}.Debug|Any CPU.ActiveCfg = Debug|Any CPU
		{209AA2EC-3337-4109-B9D0-E78CBE7C4196}.Debug|Any CPU.Build.0 = Debug|Any CPU
		{209AA2EC-3337-4109-B9D0-E78CBE7C4196}.Release|Any CPU.ActiveCfg = Release|Any CPU
		{209AA2EC-3337-4109-B9D0-E78CBE7C4196}.Release|Any CPU.Build.0 = Release|Any CPU
		{240530C5-4834-4C66-B4C4-3230612BB04A}.Debug|Any CPU.ActiveCfg = Debug|Any CPU
		{240530C5-4834-4C66-B4C4-3230612BB04A}.Debug|Any CPU.Build.0 = Debug|Any CPU
		{240530C5-4834-4C66-B4C4-3230612BB04A}.Release|Any CPU.ActiveCfg = Release|Any CPU
		{240530C5-4834-4C66-B4C4-3230612BB04A}.Release|Any CPU.Build.0 = Release|Any CPU
		{11492C90-6C55-4F9A-995B-D90405F70568}.Debug|Any CPU.ActiveCfg = Debug|Any CPU
		{11492C90-6C55-4F9A-995B-D90405F70568}.Debug|Any CPU.Build.0 = Debug|Any CPU
		{11492C90-6C55-4F9A-995B-D90405F70568}.Release|Any CPU.ActiveCfg = Release|Any CPU
		{11492C90-6C55-4F9A-995B-D90405F70568}.Release|Any CPU.Build.0 = Release|Any CPU
		{1CD4772C-6E36-42CF-BF1D-6062D9BD206B}.Debug|Any CPU.ActiveCfg = Debug|Any CPU
		{1CD4772C-6E36-42CF-BF1D-6062D9BD206B}.Debug|Any CPU.Build.0 = Debug|Any CPU
		{1CD4772C-6E36-42CF-BF1D-6062D9BD206B}.Release|Any CPU.ActiveCfg = Release|Any CPU
		{1CD4772C-6E36-42CF-BF1D-6062D9BD206B}.Release|Any CPU.Build.0 = Release|Any CPU
		{B47731FB-1C53-47A0-A322-DD38EDEC3270}.Debug|Any CPU.ActiveCfg = Debug|Any CPU
		{B47731FB-1C53-47A0-A322-DD38EDEC3270}.Debug|Any CPU.Build.0 = Debug|Any CPU
		{B47731FB-1C53-47A0-A322-DD38EDEC3270}.Release|Any CPU.ActiveCfg = Release|Any CPU
		{B47731FB-1C53-47A0-A322-DD38EDEC3270}.Release|Any CPU.Build.0 = Release|Any CPU
		{431B6ABF-C893-4D32-A708-8DEF194A65F5}.Debug|Any CPU.ActiveCfg = Debug|Any CPU
		{431B6ABF-C893-4D32-A708-8DEF194A65F5}.Debug|Any CPU.Build.0 = Debug|Any CPU
		{431B6ABF-C893-4D32-A708-8DEF194A65F5}.Release|Any CPU.ActiveCfg = Release|Any CPU
		{431B6ABF-C893-4D32-A708-8DEF194A65F5}.Release|Any CPU.Build.0 = Release|Any CPU
		{19A4AD81-6B32-41B4-93F0-9E2D0B9B1D30}.Debug|Any CPU.ActiveCfg = Debug|Any CPU
		{19A4AD81-6B32-41B4-93F0-9E2D0B9B1D30}.Debug|Any CPU.Build.0 = Debug|Any CPU
		{19A4AD81-6B32-41B4-93F0-9E2D0B9B1D30}.Release|Any CPU.ActiveCfg = Release|Any CPU
		{19A4AD81-6B32-41B4-93F0-9E2D0B9B1D30}.Release|Any CPU.Build.0 = Release|Any CPU
		{4F1FA7CC-DF32-45D2-AA79-8235A65CC6B5}.Debug|Any CPU.ActiveCfg = Debug|Any CPU
		{4F1FA7CC-DF32-45D2-AA79-8235A65CC6B5}.Debug|Any CPU.Build.0 = Debug|Any CPU
		{4F1FA7CC-DF32-45D2-AA79-8235A65CC6B5}.Release|Any CPU.ActiveCfg = Release|Any CPU
		{4F1FA7CC-DF32-45D2-AA79-8235A65CC6B5}.Release|Any CPU.Build.0 = Release|Any CPU
		{FAA372A5-6034-42D5-84AB-879B810FB6A8}.Debug|Any CPU.ActiveCfg = Debug|Any CPU
		{FAA372A5-6034-42D5-84AB-879B810FB6A8}.Debug|Any CPU.Build.0 = Debug|Any CPU
		{FAA372A5-6034-42D5-84AB-879B810FB6A8}.Release|Any CPU.ActiveCfg = Release|Any CPU
		{FAA372A5-6034-42D5-84AB-879B810FB6A8}.Release|Any CPU.Build.0 = Release|Any CPU
		{905EE9D7-5BD0-4432-B9F4-A5B189693B43}.Debug|Any CPU.ActiveCfg = Debug|Any CPU
		{905EE9D7-5BD0-4432-B9F4-A5B189693B43}.Debug|Any CPU.Build.0 = Debug|Any CPU
		{905EE9D7-5BD0-4432-B9F4-A5B189693B43}.Release|Any CPU.ActiveCfg = Release|Any CPU
		{905EE9D7-5BD0-4432-B9F4-A5B189693B43}.Release|Any CPU.Build.0 = Release|Any CPU
		{C19CFB3D-C00B-432F-B2A7-F9CAB00FAD36}.Debug|Any CPU.ActiveCfg = Debug|Any CPU
		{C19CFB3D-C00B-432F-B2A7-F9CAB00FAD36}.Debug|Any CPU.Build.0 = Debug|Any CPU
		{C19CFB3D-C00B-432F-B2A7-F9CAB00FAD36}.Release|Any CPU.ActiveCfg = Release|Any CPU
		{C19CFB3D-C00B-432F-B2A7-F9CAB00FAD36}.Release|Any CPU.Build.0 = Release|Any CPU
		{3C88720D-BE71-4557-B967-B189450AD697}.Debug|Any CPU.ActiveCfg = Debug|Any CPU
		{3C88720D-BE71-4557-B967-B189450AD697}.Debug|Any CPU.Build.0 = Debug|Any CPU
		{3C88720D-BE71-4557-B967-B189450AD697}.Release|Any CPU.ActiveCfg = Release|Any CPU
		{3C88720D-BE71-4557-B967-B189450AD697}.Release|Any CPU.Build.0 = Release|Any CPU
		{5C5E9452-4462-27B1-B479-7D1C28283CFF}.Debug|Any CPU.ActiveCfg = Debug|Any CPU
		{5C5E9452-4462-27B1-B479-7D1C28283CFF}.Debug|Any CPU.Build.0 = Debug|Any CPU
		{5C5E9452-4462-27B1-B479-7D1C28283CFF}.Release|Any CPU.ActiveCfg = Release|Any CPU
		{5C5E9452-4462-27B1-B479-7D1C28283CFF}.Release|Any CPU.Build.0 = Release|Any CPU
		{81C684A6-776E-D7AA-DCCD-1FA7178D8E87}.Debug|Any CPU.ActiveCfg = Debug|Any CPU
		{81C684A6-776E-D7AA-DCCD-1FA7178D8E87}.Debug|Any CPU.Build.0 = Debug|Any CPU
		{81C684A6-776E-D7AA-DCCD-1FA7178D8E87}.Release|Any CPU.ActiveCfg = Release|Any CPU
		{81C684A6-776E-D7AA-DCCD-1FA7178D8E87}.Release|Any CPU.Build.0 = Release|Any CPU
		{1201CF67-4778-F2EF-6710-EC9B983C36CA}.Debug|Any CPU.ActiveCfg = Debug|Any CPU
		{1201CF67-4778-F2EF-6710-EC9B983C36CA}.Debug|Any CPU.Build.0 = Debug|Any CPU
		{1201CF67-4778-F2EF-6710-EC9B983C36CA}.Release|Any CPU.ActiveCfg = Release|Any CPU
		{1201CF67-4778-F2EF-6710-EC9B983C36CA}.Release|Any CPU.Build.0 = Release|Any CPU
		{2097730D-3448-6F27-DFE4-B3E1926197FB}.Debug|Any CPU.ActiveCfg = Debug|Any CPU
		{2097730D-3448-6F27-DFE4-B3E1926197FB}.Debug|Any CPU.Build.0 = Debug|Any CPU
		{2097730D-3448-6F27-DFE4-B3E1926197FB}.Release|Any CPU.ActiveCfg = Release|Any CPU
		{2097730D-3448-6F27-DFE4-B3E1926197FB}.Release|Any CPU.Build.0 = Release|Any CPU
		{E23439DC-3A2F-149D-B003-78F08BD31509}.Debug|Any CPU.ActiveCfg = Debug|Any CPU
		{E23439DC-3A2F-149D-B003-78F08BD31509}.Debug|Any CPU.Build.0 = Debug|Any CPU
		{E23439DC-3A2F-149D-B003-78F08BD31509}.Release|Any CPU.ActiveCfg = Release|Any CPU
		{E23439DC-3A2F-149D-B003-78F08BD31509}.Release|Any CPU.Build.0 = Release|Any CPU
		{67C74714-AC7F-F89C-FA30-05055E942541}.Debug|Any CPU.ActiveCfg = Debug|Any CPU
		{67C74714-AC7F-F89C-FA30-05055E942541}.Debug|Any CPU.Build.0 = Debug|Any CPU
		{67C74714-AC7F-F89C-FA30-05055E942541}.Release|Any CPU.ActiveCfg = Release|Any CPU
		{67C74714-AC7F-F89C-FA30-05055E942541}.Release|Any CPU.Build.0 = Release|Any CPU
	EndGlobalSection
	GlobalSection(SolutionProperties) = preSolution
		HideSolutionNode = FALSE
	EndGlobalSection
	GlobalSection(NestedProjects) = preSolution
		{D895762D-0C90-4B22-8715-FD66DC92A598} = {02EA681E-C7D8-13C7-8484-4AC65E1B71E8}
		{EEA0541E-7A3C-4ED1-9039-8298797193DA} = {DE287D9E-2F8A-4C6E-99D5-0DDE6E9EE2D3}
		{5CB51913-C571-4907-A527-96375E95A2E3} = {97ADE207-FF13-4939-BE7B-0EC0019DFF9F}
		{5666EC9B-88FF-40B7-89F7-DF2E1D61345E} = {97ADE207-FF13-4939-BE7B-0EC0019DFF9F}
		{F8E6F497-29A4-4722-BA04-9372C059763C} = {97ADE207-FF13-4939-BE7B-0EC0019DFF9F}
		{209AA2EC-3337-4109-B9D0-E78CBE7C4196} = {9E20593D-26D1-4B92-83CF-A5B20D072EA5}
		{240530C5-4834-4C66-B4C4-3230612BB04A} = {9E20593D-26D1-4B92-83CF-A5B20D072EA5}
		{11492C90-6C55-4F9A-995B-D90405F70568} = {9E20593D-26D1-4B92-83CF-A5B20D072EA5}
		{1CD4772C-6E36-42CF-BF1D-6062D9BD206B} = {9E20593D-26D1-4B92-83CF-A5B20D072EA5}
		{B47731FB-1C53-47A0-A322-DD38EDEC3270} = {9B20BC3B-FEFA-4D6B-82E4-840437D9D0B2}
		{431B6ABF-C893-4D32-A708-8DEF194A65F5} = {9B20BC3B-FEFA-4D6B-82E4-840437D9D0B2}
		{19A4AD81-6B32-41B4-93F0-9E2D0B9B1D30} = {9B20BC3B-FEFA-4D6B-82E4-840437D9D0B2}
		{4F1FA7CC-DF32-45D2-AA79-8235A65CC6B5} = {9B20BC3B-FEFA-4D6B-82E4-840437D9D0B2}
		{FAA372A5-6034-42D5-84AB-879B810FB6A8} = {9873115B-BBF9-40B6-AFFC-9926A1B822AB}
		{905EE9D7-5BD0-4432-B9F4-A5B189693B43} = {9873115B-BBF9-40B6-AFFC-9926A1B822AB}
		{C19CFB3D-C00B-432F-B2A7-F9CAB00FAD36} = {9873115B-BBF9-40B6-AFFC-9926A1B822AB}
		{3C88720D-BE71-4557-B967-B189450AD697} = {9873115B-BBF9-40B6-AFFC-9926A1B822AB}
		{5C5E9452-4462-27B1-B479-7D1C28283CFF} = {38323BF3-D6FE-4E0B-9DAC-B24531929103}
		{81C684A6-776E-D7AA-DCCD-1FA7178D8E87} = {38323BF3-D6FE-4E0B-9DAC-B24531929103}
		{1201CF67-4778-F2EF-6710-EC9B983C36CA} = {38323BF3-D6FE-4E0B-9DAC-B24531929103}
		{2097730D-3448-6F27-DFE4-B3E1926197FB} = {38323BF3-D6FE-4E0B-9DAC-B24531929103}
		{E23439DC-3A2F-149D-B003-78F08BD31509} = {38323BF3-D6FE-4E0B-9DAC-B24531929103}
		{67C74714-AC7F-F89C-FA30-05055E942541} = {38323BF3-D6FE-4E0B-9DAC-B24531929103}
	EndGlobalSection
	GlobalSection(ExtensibilityGlobals) = postSolution
		SolutionGuid = {B2BD7A86-63DF-4772-81FC-F4793E8E8A23}
	EndGlobalSection
EndGlobal
